
Microsoft Visual Studio Solution File, Format Version 12.00
# Visual Studio Version 17
VisualStudioVersion = 17.12.35527.113
MinimumVisualStudioVersion = 10.0.40219.1
Project("{FAE04EC0-301F-11D3-BF4B-00C04F79EFBC}") = "Ticketing.API", "Ticketing.API\Ticketing.API.csproj", "{94F32441-FADD-497B-8AD7-0F9F001E7E58}"
EndProject
Project("{FAE04EC0-301F-11D3-BF4B-00C04F79EFBC}") = "Ticketing.DataContext", "Ticketing.DataContext\Ticketing.DataContext.csproj", "{EBD07F49-C6D5-4CD1-BA9A-7A61B2D4B5D0}"
EndProject
Project("{FAE04EC0-301F-11D3-BF4B-00C04F79EFBC}") = "Ticketing.Model", "Ticketing.Model\Ticketing.Model.csproj", "{4E0CBFA5-F319-4228-B70A-734340BA0DCB}"
EndProject
Project("{FAE04EC0-301F-11D3-BF4B-00C04F79EFBC}") = "Ticketing.Repository", "Ticketing.Repository\Ticketing.Repository.csproj", "{E45E85C3-DEFE-4C81-90ED-169813F3B0AA}"
EndProject
Project("{FAE04EC0-301F-11D3-BF4B-00C04F79EFBC}") = "Ticketing.DTO", "Ticketing.DTO\Ticketing.DTO.csproj", "{1AB105B3-D770-4FB4-B60E-19A77B7BB270}"
EndProject
Global
	GlobalSection(SolutionConfigurationPlatforms) = preSolution
		Debug|Any CPU = Debug|Any CPU
		Release|Any CPU = Release|Any CPU
	EndGlobalSection
	GlobalSection(ProjectConfigurationPlatforms) = postSolution
		{94F32441-FADD-497B-8AD7-0F9F001E7E58}.Debug|Any CPU.ActiveCfg = Debug|Any CPU
		{94F32441-FADD-497B-8AD7-0F9F001E7E58}.Debug|Any CPU.Build.0 = Debug|Any CPU
		{94F32441-FADD-497B-8AD7-0F9F001E7E58}.Release|Any CPU.ActiveCfg = Release|Any CPU
		{94F32441-FADD-497B-8AD7-0F9F001E7E58}.Release|Any CPU.Build.0 = Release|Any CPU
		{EBD07F49-C6D5-4CD1-BA9A-7A61B2D4B5D0}.Debug|Any CPU.ActiveCfg = Debug|Any CPU
		{EBD07F49-C6D5-4CD1-BA9A-7A61B2D4B5D0}.Debug|Any CPU.Build.0 = Debug|Any CPU
		{EBD07F49-C6D5-4CD1-BA9A-7A61B2D4B5D0}.Release|Any CPU.ActiveCfg = Release|Any CPU
		{EBD07F49-C6D5-4CD1-BA9A-7A61B2D4B5D0}.Release|Any CPU.Build.0 = Release|Any CPU
		{4E0CBFA5-F319-4228-B70A-734340BA0DCB}.Debug|Any CPU.ActiveCfg = Debug|Any CPU
		{4E0CBFA5-F319-4228-B70A-734340BA0DCB}.Debug|Any CPU.Build.0 = Debug|Any CPU
		{4E0CBFA5-F319-4228-B70A-734340BA0DCB}.Release|Any CPU.ActiveCfg = Release|Any CPU
		{4E0CBFA5-F319-4228-B70A-734340BA0DCB}.Release|Any CPU.Build.0 = Release|Any CPU
		{E45E85C3-DEFE-4C81-90ED-169813F3B0AA}.Debug|Any CPU.ActiveCfg = Debug|Any CPU
		{E45E85C3-DEFE-4C81-90ED-169813F3B0AA}.Debug|Any CPU.Build.0 = Debug|Any CPU
		{E45E85C3-DEFE-4C81-90ED-169813F3B0AA}.Release|Any CPU.ActiveCfg = Release|Any CPU
		{E45E85C3-DEFE-4C81-90ED-169813F3B0AA}.Release|Any CPU.Build.0 = Release|Any CPU
		{1AB105B3-D770-4FB4-B60E-19A77B7BB270}.Debug|Any CPU.ActiveCfg = Debug|Any CPU
		{1AB105B3-D770-4FB4-B60E-19A77B7BB270}.Debug|Any CPU.Build.0 = Debug|Any CPU
		{1AB105B3-D770-4FB4-B60E-19A77B7BB270}.Release|Any CPU.ActiveCfg = Release|Any CPU
		{1AB105B3-D770-4FB4-B60E-19A77B7BB270}.Release|Any CPU.Build.0 = Release|Any CPU
	EndGlobalSection
	GlobalSection(SolutionProperties) = preSolution
		HideSolutionNode = FALSE
	EndGlobalSection
EndGlobal
